
Microsoft Visual Studio Solution File, Format Version 12.00
# Visual Studio Version 17
VisualStudioVersion = 17.5.002.0
MinimumVisualStudioVersion = 10.0.40219.1
Project("{9A19103F-16F7-4668-BE54-9A1E7A4F7556}") = "day16_proboscidea_volcanium", "day16_proboscidea_volcanium.csproj", "{AFB597BD-84AB-4CD1-8D59-2BCFE218B05D}"
EndProject
Global
	GlobalSection(SolutionConfigurationPlatforms) = preSolution
		Debug|Any CPU = Debug|Any CPU
		Release|Any CPU = Release|Any CPU
	EndGlobalSection
	GlobalSection(ProjectConfigurationPlatforms) = postSolution
		{AFB597BD-84AB-4CD1-8D59-2BCFE218B05D}.Debug|Any CPU.ActiveCfg = Debug|Any CPU
		{AFB597BD-84AB-4CD1-8D59-2BCFE218B05D}.Debug|Any CPU.Build.0 = Debug|Any CPU
		{AFB597BD-84AB-4CD1-8D59-2BCFE218B05D}.Release|Any CPU.ActiveCfg = Release|Any CPU
		{AFB597BD-84AB-4CD1-8D59-2BCFE218B05D}.Release|Any CPU.Build.0 = Release|Any CPU
	EndGlobalSection
	GlobalSection(SolutionProperties) = preSolution
		HideSolutionNode = FALSE
	EndGlobalSection
	GlobalSection(ExtensibilityGlobals) = postSolution
		SolutionGuid = {D3D9A910-BD74-4E0B-937D-1A774D702E0F}
	EndGlobalSection
EndGlobal
